
Microsoft Visual Studio Solution File, Format Version 12.00
# Visual Studio Version 17
VisualStudioVersion = 17.13.35913.81 d17.13
MinimumVisualStudioVersion = 10.0.40219.1
Project("{FAE04EC0-301F-11D3-BF4B-00C04F79EFBC}") = "MusicManagerMultiplicity", "MusicManagerMultiplicity.csproj", "{C5460FBE-0278-4440-8F3F-A0EAF0879551}"
EndProject
Global
	GlobalSection(SolutionConfigurationPlatforms) = preSolution
		Debug|Any CPU = Debug|Any CPU
		Release|Any CPU = Release|Any CPU
	EndGlobalSection
	GlobalSection(ProjectConfigurationPlatforms) = postSolution
		{C5460FBE-0278-4440-8F3F-A0EAF0879551}.Debug|Any CPU.ActiveCfg = Debug|Any CPU
		{C5460FBE-0278-4440-8F3F-A0EAF0879551}.Debug|Any CPU.Build.0 = Debug|Any CPU
		{C5460FBE-0278-4440-8F3F-A0EAF0879551}.Release|Any CPU.ActiveCfg = Release|Any CPU
		{C5460FBE-0278-4440-8F3F-A0EAF0879551}.Release|Any CPU.Build.0 = Release|Any CPU
	EndGlobalSection
	GlobalSection(SolutionProperties) = preSolution
		HideSolutionNode = FALSE
	EndGlobalSection
	GlobalSection(ExtensibilityGlobals) = postSolution
		SolutionGuid = {8746D3CF-D90E-45CC-9973-59FDB67422E2}
	EndGlobalSection
EndGlobal
